# THIS IS AN AUTOGENERATED FILE. DO NOT EDIT THIS FILE DIRECTLY.
# yarn lockfile v1


"@upstash/redis@^1.31.3":
  version "1.32.0"
  resolved "https://registry.yarnpkg.com/@upstash/redis/-/redis-1.32.0.tgz#26a2a072e159444fdf2f405063093a532dc98e05"
  integrity sha512-KBzCjOgF9mhNcV4HTz7U8g7QTdLVEKi1sSe/97u0E+HkzdPmDt3j9lIPIHEUJz6RrdVH6s4HW4JcPvMLC7w3ew==
  dependencies:
    crypto-js "^4.2.0"

"@vercel/kv@^2.0.0":
  version "2.0.0"
  resolved "https://registry.yarnpkg.com/@vercel/kv/-/kv-2.0.0.tgz#a0baa12563946cb35cee23d638b68f0fbbf76172"
  integrity sha512-zdVrhbzZBYo5d1Hfn4bKtqCeKf0FuzW8rSHauzQVMUgv1+1JOwof2mWcBuI+YMJy8s0G0oqAUfQ7HgUDzb8EbA==
  dependencies:
    "@upstash/redis" "^1.31.3"

crypto-js@^4.2.0:
  version "4.2.0"
  resolved "https://registry.yarnpkg.com/crypto-js/-/crypto-js-4.2.0.tgz#4d931639ecdfd12ff80e8186dba6af2c2e856631"
  integrity sha512-KALDyEYgpY+Rlob/iriUtjV6d5Eq+Y191A5g4UqLAi8CyGP9N1+FdVbkc1SxKc2r4YAYqG8JzO2KGL+AizD70Q==
